
Microsoft Visual Studio Solution File, Format Version 12.00
# Visual Studio 15
VisualStudioVersion = 15.0.26730.16
MinimumVisualStudioVersion = 10.0.40219.1
Project("{FAE04EC0-301F-11D3-BF4B-00C04F79EFBC}") = "SignalrSpaWinAuth", "SignalrSpaWinAuth\SignalrSpaWinAuth.csproj", "{F0F468A5-A119-4570-A53E-7AD388593298}"
EndProject
Global
	GlobalSection(SolutionConfigurationPlatforms) = preSolution
		Debug|Any CPU = Debug|Any CPU
		Release|Any CPU = Release|Any CPU
	EndGlobalSection
	GlobalSection(ProjectConfigurationPlatforms) = postSolution
		{F0F468A5-A119-4570-A53E-7AD388593298}.Debug|Any CPU.ActiveCfg = Debug|Any CPU
		{F0F468A5-A119-4570-A53E-7AD388593298}.Debug|Any CPU.Build.0 = Debug|Any CPU
		{F0F468A5-A119-4570-A53E-7AD388593298}.Release|Any CPU.ActiveCfg = Release|Any CPU
		{F0F468A5-A119-4570-A53E-7AD388593298}.Release|Any CPU.Build.0 = Release|Any CPU
	EndGlobalSection
	GlobalSection(SolutionProperties) = preSolution
		HideSolutionNode = FALSE
	EndGlobalSection
	GlobalSection(ExtensibilityGlobals) = postSolution
		SolutionGuid = {B5033CD4-CC51-4007-9AE1-1253706355A2}
	EndGlobalSection
EndGlobal
